{
  "name": "vertical-health",
  "version": "2.0.0",
  "lockfileVersion": 3,
  "requires": true,
  "packages": {
    "": {
      "name": "vertical-health",
      "version": "2.0.0",
      "dependencies": {
        "pebble-clay": "^1.0.4",
        "pebble-effect-layer": "^1.4.0",
        "pebble-simple-health": "^1.0.7"
      }
    },
    "node_modules/@rebble/linked-list": {
      "version": "1.5.1",
      "resolved": "https://registry.npmjs.org/@rebble/linked-list/-/linked-list-1.5.1.tgz",
      "integrity": "sha512-2LFdkLnf+xRyTs/SdId7i+4vGUj6IQjl/V2FNZ6OQuZsiWrVK9ukP+tcALICm6u9SOYuGNw9zKOCRNjZcNc76Q==",
      "license": "MIT"
    },
    "node_modules/pebble-clay": {
      "version": "1.0.4",
      "license": "MIT"
    },
    "node_modules/pebble-effect-layer": {
      "version": "1.4.0",
      "resolved": "https://registry.npmjs.org/pebble-effect-layer/-/pebble-effect-layer-1.4.0.tgz",
      "integrity": "sha512-tCjbRqpNZqKQ/A9kdJ9+a/uy1FWqIHhTABQmLKVhZhdtTSv7NI1lOCgQM7qk9aFYTIVYKNY0PrtSfEJ5W6zucw==",
      "license": "MIT"
    },
    "node_modules/pebble-events": {
      "version": "1.2.1",
      "resolved": "https://registry.npmjs.org/pebble-events/-/pebble-events-1.2.1.tgz",
      "integrity": "sha512-rbDISKvtemZIXGeCY8GYjXFHDnnA45pFwMxUZaXT9Zeh+OVkWuI9tYntlqrSC8iqchde8Z269L1UJ5oYnHTniQ==",
      "license": "MIT",
      "dependencies": {
        "@rebble/linked-list": "^1.5.1"
      }
    },
    "node_modules/pebble-simple-health": {
      "version": "1.0.7",
      "resolved": "https://registry.npmjs.org/pebble-simple-health/-/pebble-simple-health-1.0.7.tgz",
      "integrity": "sha512-TpgVZrS6pHzgXgNgoRmUespnO8U7iUoWhqaAwIgcYiaGHJ2k4sB7FGabA913CMELkaTeEhU2VALGOaBuKrcp1w==",
      "license": "MIT",
      "dependencies": {
        "pebble-events": "^1.2.1"
      }
    }
  }
}
